{
  "projects": [
    {
      "projectId": "fUERLDF7B6PkVocLHV4JH5",
      "version": "latest",
      "dependencies": {},
      "lang": "ts",
      "fileLocks": [
        {
          "type": "globalVariant",
          "assetId": "23yNQz1rpyP1",
          "checksum": "71bad8bbab4d7c632e9ff174f1366d67"
        },
        {
          "type": "renderModule",
          "assetId": "5EkH7G_W2y_p",
          "checksum": "ea8407dce5e1b63066f0ea1c84b31af5"
        },
        {
          "type": "cssRules",
          "assetId": "5EkH7G_W2y_p",
          "checksum": "ea8407dce5e1b63066f0ea1c84b31af5"
        },
        {
          "type": "renderModule",
          "assetId": "SoAlFTq2MQ7_",
          "checksum": "599b4f20d8f063286c5986c62de986b0"
        },
        {
          "type": "cssRules",
          "assetId": "SoAlFTq2MQ7_",
          "checksum": "599b4f20d8f063286c5986c62de986b0"
        },
        {
          "type": "renderModule",
          "assetId": "V7k6HODnL8o0",
          "checksum": "352803ed30ebc50bb28aa26a584746d5"
        },
        {
          "type": "cssRules",
          "assetId": "V7k6HODnL8o0",
          "checksum": "352803ed30ebc50bb28aa26a584746d5"
        },
        {
          "type": "renderModule",
          "assetId": "MhPMGXp3nWSl",
          "checksum": "dd545f189fecd76e6f6686e8620ff286"
        },
        {
          "type": "cssRules",
          "assetId": "MhPMGXp3nWSl",
          "checksum": "dd545f189fecd76e6f6686e8620ff286"
        },
        {
          "type": "icon",
          "assetId": "HVZEyFMJrCD2",
          "checksum": "a8680a37bed3363a21527349751069c0"
        },
        {
          "type": "icon",
          "assetId": "CTy29kVHemoP",
          "checksum": "71e40385a965f413e5bbbf5dcdab7621"
        },
        {
          "type": "icon",
          "assetId": "D9_2FoLFauBX",
          "checksum": "c2b5d0a8e9936aa56a4edd50dc37250d"
        },
        {
          "type": "icon",
          "assetId": "GWLQ4jd9l1_n",
          "checksum": "1e0fd9693ebe363f82248d6fc25c1f5d"
        },
        {
          "type": "icon",
          "assetId": "5454AWGTZiYB",
          "checksum": "3ca00c2d451d0603912bbb65eabde57d"
        },
        {
          "type": "icon",
          "assetId": "Wjrkrsnijko5",
          "checksum": "8b2173d78e90ff3125cedf3c1e51b853"
        },
        {
          "type": "icon",
          "assetId": "3ClrEjOzJAf0",
          "checksum": "890621bf8271ef120c4ca8375459f93b"
        },
        {
          "type": "icon",
          "assetId": "ZTioAh4rXVkj",
          "checksum": "122f6868b6fc7c33eaacd083abe7fe90"
        },
        {
          "type": "icon",
          "assetId": "HcTg183xRxxC",
          "checksum": "8230a4c40f072ef3093021f36a28923b"
        },
        {
          "type": "icon",
          "assetId": "cEtnMRr3g0lr",
          "checksum": "13a5cd66751541167310d9e7ddead8bb"
        },
        {
          "type": "icon",
          "assetId": "4hVhHoIbc92U",
          "checksum": "db919c3787ea8ccf75796fc41a9246c2"
        },
        {
          "type": "icon",
          "assetId": "Vh30NBsL6J8Z",
          "checksum": "b3e8a9a9592dc75d20d85b5a931fbfce"
        },
        {
          "type": "icon",
          "assetId": "0r_rBMKmbAXE",
          "checksum": "dbe4c05ad0f5de909de21d6a576ab010"
        },
        {
          "type": "icon",
          "assetId": "FD7YGGRSBTbp",
          "checksum": "6f938fd884ef790f8326a5a68b5e155b"
        },
        {
          "type": "icon",
          "assetId": "HaimgMWxKQAB",
          "checksum": "3251ad4b5995f39d67699296c8fd70ba"
        },
        {
          "type": "icon",
          "assetId": "y4aSRX7NBK6L",
          "checksum": "3e8e95e0d38205967e91791b5ddfb756"
        },
        {
          "type": "icon",
          "assetId": "-Nh-4qSyTG_b",
          "checksum": "03c7e4a2aef3b2100920cfb05976680a"
        },
        {
          "type": "icon",
          "assetId": "dAq6NH7-LW5G",
          "checksum": "1fd9d96a9cd2dc71f4d4a16aa8667397"
        },
        {
          "type": "icon",
          "assetId": "U2VevwBQaC3u",
          "checksum": "d32e4ad3239a420cada704a976ac0d19"
        },
        {
          "type": "icon",
          "assetId": "47un4nnZAaXl",
          "checksum": "6f8b11bbd3b0e9b043a4d0e757b75a6d"
        },
        {
          "type": "icon",
          "assetId": "TXWXxUFs-0OS",
          "checksum": "35221a0d10b46b0da520f29e9b7c829b"
        },
        {
          "type": "icon",
          "assetId": "7QZffuQeYsDJ",
          "checksum": "57c6d27bbd15739e738335ce5c8952bb"
        },
        {
          "type": "icon",
          "assetId": "jNGea_hy5Vtd",
          "checksum": "2c0ea5076b93da25d1831de7625e4986"
        },
        {
          "type": "icon",
          "assetId": "ua0CvPNHisJu",
          "checksum": "261e0e7785998d0d45e6baf014952739"
        },
        {
          "type": "icon",
          "assetId": "VW1zPayeeT-T",
          "checksum": "94e791cffc981fe9aa6231599c3e641f"
        },
        {
          "type": "icon",
          "assetId": "ewY1z8muFvO1",
          "checksum": "c7431c61a55dab8da5d3af21da5929ca"
        },
        {
          "type": "icon",
          "assetId": "0S-5fOotBeTQ",
          "checksum": "ee6b85bc050080bca6f37f6f3676b9c7"
        },
        {
          "type": "icon",
          "assetId": "mzBkVhzRc0c_",
          "checksum": "0dd95ef54369be3d9dd618ebdeb520c3"
        },
        {
          "type": "icon",
          "assetId": "Uq-Py_J9WDAc",
          "checksum": "9c95e5013876451b55093941a34037d1"
        },
        {
          "type": "icon",
          "assetId": "hfqaPbiEbseY",
          "checksum": "6326680d5c96f9d08e5e9b912744ebcf"
        },
        {
          "type": "icon",
          "assetId": "_fC2cZNhxNUT",
          "checksum": "d2c05c6aea0b1a6470278b86dbe421bf"
        },
        {
          "type": "icon",
          "assetId": "kR7hslSxOOG8",
          "checksum": "fd9866858dde454cd8af242b0295e2e0"
        },
        {
          "type": "icon",
          "assetId": "zmjmmB2pWlLB",
          "checksum": "2650bc1f82edde3e8dbda39eb7772be0"
        },
        {
          "type": "icon",
          "assetId": "oPR2kSy56Q3B",
          "checksum": "78f0a5da7a73e9c864045a97f7db2dae"
        },
        {
          "type": "icon",
          "assetId": "EmEIxQWqF9k-",
          "checksum": "fd5df1eba21832b9287516f3700e0441"
        },
        {
          "type": "icon",
          "assetId": "PEmxq3QVMTID",
          "checksum": "2b8b7fc3f8416a072fae55591a8ab85c"
        },
        {
          "type": "icon",
          "assetId": "Bsrje61k2hpO",
          "checksum": "fb0076b3fb678121aee5d260b1cb3e71"
        },
        {
          "type": "icon",
          "assetId": "kFLVZXu4MRNo",
          "checksum": "1f6f8b1c387be8b898c0f0bb076e0714"
        },
        {
          "type": "icon",
          "assetId": "do8Uc_PUh015",
          "checksum": "94e41f20dc564d931246163702240add"
        },
        {
          "type": "icon",
          "assetId": "-0VfZgfaii5w",
          "checksum": "7a8b38ae81dc3f19cae1bb55071a7f67"
        },
        {
          "type": "icon",
          "assetId": "X29ag7zYpLMF",
          "checksum": "8147ed870cae8cb03df36609f968e4f2"
        },
        {
          "type": "icon",
          "assetId": "TmGZNMVOESTz",
          "checksum": "7fb708c53ab67f515e9eee7fc54d3bbf"
        },
        {
          "type": "icon",
          "assetId": "aqiIGI7OS-5C",
          "checksum": "5d48fd7c60c733bbb77c19d880656301"
        },
        {
          "type": "icon",
          "assetId": "CfXqAh1BWTNw",
          "checksum": "78f9286a3e5b1e298b2957b130362ba9"
        },
        {
          "type": "icon",
          "assetId": "v8lfLBFTjO-m",
          "checksum": "8736d057104452c082e7e6b9becdf593"
        },
        {
          "type": "icon",
          "assetId": "0hZ-D5Sb4L-h",
          "checksum": "ee98ec768179d0a112f638a23510a7e6"
        },
        {
          "type": "icon",
          "assetId": "_6iKoE1UilOQ",
          "checksum": "991899842525f78d492b9d817c0b59ba"
        },
        {
          "type": "icon",
          "assetId": "fzheyV5cwPuL",
          "checksum": "f797e0f1b88f3553a3391a801261812f"
        },
        {
          "type": "icon",
          "assetId": "W16vSzkbbKMy",
          "checksum": "6642efb5c12247b32f303a8eae84134e"
        },
        {
          "type": "icon",
          "assetId": "-mFWv6D28UED",
          "checksum": "ab3d278e313eae8a530699af28699a3e"
        },
        {
          "type": "icon",
          "assetId": "Dc8CbRnCvdju",
          "checksum": "613c8ec38eba1541b1dafb997a33bf9f"
        },
        {
          "type": "icon",
          "assetId": "MhoRuz2IKnsH",
          "checksum": "33897f081e647af260ff7d752e36f933"
        },
        {
          "type": "icon",
          "assetId": "VICXbV_2aIQJ",
          "checksum": "05d996ea1ae4ffe359fcb68f1e26065b"
        },
        {
          "type": "icon",
          "assetId": "18Eu6g3bB2cH",
          "checksum": "9462491120b57a7fb03143afc16f2e87"
        },
        {
          "type": "icon",
          "assetId": "dRFMOD7kcMvp",
          "checksum": "63df48fab853c063f36174b1fa68e980"
        },
        {
          "type": "icon",
          "assetId": "Fqy_M0EkJX5-",
          "checksum": "e8b122b14d4d1eb76b461e5b3378c1bd"
        },
        {
          "type": "icon",
          "assetId": "aMzpmI8wBTQc",
          "checksum": "1b619b05455c6bf99e9aa081e952d7e5"
        },
        {
          "type": "icon",
          "assetId": "Je4HRTPUKZxr",
          "checksum": "5cb36d12da6c7a39c4ed25400f78e853"
        },
        {
          "type": "icon",
          "assetId": "WkZG0CfgFZs_",
          "checksum": "aa544a73a1b8102f86c8f3cdc96b38c8"
        },
        {
          "type": "icon",
          "assetId": "xv_Ujljf5a4Q",
          "checksum": "4fad4a22d4b6651a1ab87daaad0f58a0"
        },
        {
          "type": "icon",
          "assetId": "CTYkqXPUX94d",
          "checksum": "2f97144f4f84754194d6ca6d3bd1b4f3"
        },
        {
          "type": "icon",
          "assetId": "XrvlLjD0O-w7",
          "checksum": "5019def1813fa5edd23c1edadb31fa87"
        },
        {
          "type": "icon",
          "assetId": "v4P-TRiHTHZ-",
          "checksum": "aca8a182061c18a7157a52544d21435b"
        },
        {
          "type": "icon",
          "assetId": "YYhAFT9GJ0zM",
          "checksum": "1659386056104006adca67dce3c0d1d2"
        },
        {
          "type": "icon",
          "assetId": "_sdReEkybnsw",
          "checksum": "40264e7401d93f5e2ac9790048e0e810"
        },
        {
          "type": "icon",
          "assetId": "3YjrDtFP6nsw",
          "checksum": "f6994bb80a1c6e09494b7831f9c321ab"
        },
        {
          "type": "icon",
          "assetId": "mr51OQ0YtuYk",
          "checksum": "001d4bbf7d330d2b0e172547bf3b267e"
        },
        {
          "type": "icon",
          "assetId": "aYCcxO1Z9LT6",
          "checksum": "2ccf4be911088f1d6c0fd19e37335cdd"
        },
        {
          "type": "icon",
          "assetId": "UUw6aGUEnVMN",
          "checksum": "5e81bbae390b95c44610798fbc617668"
        },
        {
          "type": "icon",
          "assetId": "pf65V7NBOIRN",
          "checksum": "618f1b68de1c5cd3b18005ea93dace22"
        },
        {
          "type": "icon",
          "assetId": "qY8SDMjOl9PU",
          "checksum": "13ee6b4f5f45c5f9c9f07a58c9e0910a"
        },
        {
          "type": "icon",
          "assetId": "puxVHmxn2qFa",
          "checksum": "3d3dc7e99bfc47d72e6bb40f15f57cf2"
        },
        {
          "type": "icon",
          "assetId": "l_XIyqKSMFMw",
          "checksum": "da7fa1f72f3c93bbbda67cdf15160494"
        },
        {
          "type": "icon",
          "assetId": "iPHMvxjTUFff",
          "checksum": "735c15f162c6221075cd431f8ecb0a1d"
        },
        {
          "type": "icon",
          "assetId": "Sbw_LEBXkY1R",
          "checksum": "10c71dcc083d0f3ee9bbbd8c7a86d046"
        },
        {
          "type": "icon",
          "assetId": "j7FjZiw3Vpc2",
          "checksum": "c18c9814312778c1ad2caff314014523"
        },
        {
          "type": "icon",
          "assetId": "1gNS6iCoOzYt",
          "checksum": "f75ff5a6a8c7df3215bdc45a343da206"
        },
        {
          "type": "icon",
          "assetId": "m2ay4uBj8FkZ",
          "checksum": "17b08f72f4e956796884a9680d03f4a7"
        },
        {
          "type": "icon",
          "assetId": "AjJyTlUovLVZ",
          "checksum": "683230f02612e95f571ebe44bf13e431"
        },
        {
          "type": "icon",
          "assetId": "5ER8-kZSAZCO",
          "checksum": "2b7a702e8d6fd13d37c4269c947652e7"
        },
        {
          "type": "image",
          "assetId": "ENIKUqQClCqq",
          "checksum": "92267686c7f2d118bc6dc3adb36bbaec"
        },
        {
          "type": "image",
          "assetId": "WiRxpGEEaS3k",
          "checksum": "bea961bbbd3a90bb96f6046e60b72242"
        },
        {
          "type": "image",
          "assetId": "JmHscocLEPCc",
          "checksum": "c1ee1add7d6abae124cf672ffc35b43c"
        },
        {
          "type": "image",
          "assetId": "jF5Xk0lEC5Ot",
          "checksum": "c213bc775641be33561de2672e4a91eb"
        },
        {
          "type": "image",
          "assetId": "HjQP4KkhgE5-",
          "checksum": "15c961c426fed5635baaa1aa95a89625"
        },
        {
          "type": "image",
          "assetId": "99bo4AKm2H6L",
          "checksum": "57a677f7c464aa200199b9436d4b13bf"
        },
        {
          "type": "image",
          "assetId": "ui6U1j6UqdQu",
          "checksum": "db84ba87d17e8e67fc13ac4529dcb6e9"
        },
        {
          "type": "image",
          "assetId": "9kXe7LEamNkS",
          "checksum": "dc4703939a37186549eb34fe81790aa5"
        },
        {
          "type": "image",
          "assetId": "FCoX9qDAYzJ0",
          "checksum": "8073130518b621e4d02fa77408fd8407"
        },
        {
          "type": "image",
          "assetId": "6uuy8hjAjLu_",
          "checksum": "0421d91e184d0a270f474f299359d547"
        },
        {
          "type": "image",
          "assetId": "A8-WkMCQWAPH",
          "checksum": "d4d4622b3cc9a39014487157b5c44823"
        },
        {
          "type": "image",
          "assetId": "pjxmr098Z6D1",
          "checksum": "e2ff34cd7f32df2326ce98c8b19f0772"
        },
        {
          "type": "image",
          "assetId": "JQ2gnCaGnonW",
          "checksum": "4541b2a23013bbd2b7a4d4b76addb215"
        },
        {
          "type": "image",
          "assetId": "xvVE_yEn-hP9",
          "checksum": "c6203ad73bf000eaefd4f23f1b80154c"
        },
        {
          "type": "image",
          "assetId": "l_EIMms9R5mi",
          "checksum": "50fafef350a8eb87f2cbe84d94de6c0e"
        },
        {
          "type": "image",
          "assetId": "GwDMjko63HZC",
          "checksum": "33981a03be2f31f300ef7d3a5823e40f"
        },
        {
          "type": "image",
          "assetId": "I0JBgKTsR3yU",
          "checksum": "58693c6dd371a0e603f851f343adbddc"
        },
        {
          "type": "image",
          "assetId": "ZVJkm_602H1M",
          "checksum": "9a7edb0152657f61bfb5da3aa0b9ef2c"
        },
        {
          "type": "image",
          "assetId": "tT-Zq3giVf7c",
          "checksum": "36bdca4254a9087f4809d1f521071a64"
        },
        {
          "type": "image",
          "assetId": "VHHs5htD8hDq",
          "checksum": "f326271e0d8753e757fc993d9a69f0d2"
        },
        {
          "type": "image",
          "assetId": "h_fsldWDo5I7",
          "checksum": "e2fc3fd7b0beb7f277a9a8df5ee5d656"
        },
        {
          "type": "image",
          "assetId": "FsfgGqU7yi3w",
          "checksum": "2f4246eda6a949ad9009502d5c5debcf"
        },
        {
          "type": "image",
          "assetId": "02DmxFkUjdlQ",
          "checksum": "76bdffecbc0d6e13a2c90ab3fc507f6e"
        },
        {
          "type": "image",
          "assetId": "C7lePMha_bzQ",
          "checksum": "78bb897f813d9ae3297f06bad0a83479"
        },
        {
          "type": "image",
          "assetId": "lzW6mjgkUT7W",
          "checksum": "1167b5fc84af2eefbbc4c73799a40811"
        },
        {
          "type": "image",
          "assetId": "5M-QQM4IrRTN",
          "checksum": "d253afbbf1820e3c0cb83ff85f015717"
        },
        {
          "type": "image",
          "assetId": "uNf-Kpe-ejuK",
          "checksum": "53b3bd58aae8d7dedce6dfe6b50d7539"
        },
        {
          "type": "image",
          "assetId": "oY7ntUIYQ_Ne",
          "checksum": "78141954ed7c1fe84611382065c3d154"
        },
        {
          "type": "image",
          "assetId": "R1qwAR9ozcWx",
          "checksum": "812043e08d42c167419e843142f1c8bd"
        },
        {
          "type": "image",
          "assetId": "jIUgh3RhV-dg",
          "checksum": "dea1df46f09f3c6d41e305aeca6f5a25"
        },
        {
          "type": "image",
          "assetId": "SeqehmR-r_sZ",
          "checksum": "db573c4bd54fb6d43905c99680d62b54"
        },
        {
          "type": "image",
          "assetId": "jYO33rdJcgm-",
          "checksum": "c0c292b369c152fcf2828f9e3e6466d5"
        },
        {
          "type": "image",
          "assetId": "74z4Sn27Va17",
          "checksum": "a1c5dfd2c7e1db736afcefbf55aee05f"
        },
        {
          "type": "image",
          "assetId": "n34kBLnhm-UC",
          "checksum": "54a787bdd3cf2d5ac6327376e8af2c49"
        },
        {
          "type": "image",
          "assetId": "qwhiOg36_e7N",
          "checksum": "d9f783f028b153439eb762a897d292cb"
        },
        {
          "type": "image",
          "assetId": "dv0Ybusl16gZ",
          "checksum": "b8863f19fdf7938ae49ff31f72438243"
        },
        {
          "type": "image",
          "assetId": "yw-BZSlhML5B",
          "checksum": "a31042a0147d1ffa77cfc5b5eda42d0a"
        },
        {
          "type": "image",
          "assetId": "Km9fIOdZybXf",
          "checksum": "a29e48fe60415ef557b58d8cb51da7dc"
        },
        {
          "type": "image",
          "assetId": "9uy18rA_hS-m",
          "checksum": "95e35647a1d3654179ca13801441ba43"
        },
        {
          "type": "image",
          "assetId": "Inmib4x0RmS1",
          "checksum": "5418a89b14e27b35287cd06dc7a9e6e9"
        },
        {
          "type": "image",
          "assetId": "vqo_twVZVxXt",
          "checksum": "0db02c1de5ccba6959307d5efe219255"
        },
        {
          "type": "image",
          "assetId": "53UyDi_62VYm",
          "checksum": "06e8bf8dcc17a154491048be70d8d971"
        },
        {
          "type": "image",
          "assetId": "ana6gFu96QWc",
          "checksum": "7d02c02788af61d6327366134dde1ad9"
        },
        {
          "type": "image",
          "assetId": "CuSVkIoJ_04D",
          "checksum": "ac0c9ae984c5bb83cc7a11996524a58c"
        },
        {
          "type": "image",
          "assetId": "PSQ3VbdMXb6P",
          "checksum": "26bfce7ed9dd531102d56cdff736d3f9"
        },
        {
          "type": "image",
          "assetId": "1gchp8phpsvt",
          "checksum": "91d9c9167be5d8286d39c09c28f190f8"
        },
        {
          "type": "image",
          "assetId": "23c2yGHkiqvN",
          "checksum": "7b9493202648b3faf7ddcdcb65db8d3c"
        },
        {
          "type": "image",
          "assetId": "ZB7sDnlIamZp",
          "checksum": "6bfab1f1a47357a833cb26f2d75dfe28"
        },
        {
          "type": "image",
          "assetId": "13FuAXM5xqNO",
          "checksum": "811e7e3582319907c3a530cb50b9232a"
        },
        {
          "type": "image",
          "assetId": "W_vYfVf3DR4U",
          "checksum": "2257e23f3639e5326fa638ddc6d034b5"
        },
        {
          "type": "image",
          "assetId": "Uihh0sWFy2fI",
          "checksum": "b68d1552a74c1c5025e3ca901da6acb5"
        },
        {
          "type": "image",
          "assetId": "6vp1PnHhk1M4",
          "checksum": "ca2274ee1ba6d67ceb2bbdd885853963"
        },
        {
          "type": "image",
          "assetId": "DCH_VVwVX1h-",
          "checksum": "132f533af67182ac2a2989fc6d15bf1c"
        },
        {
          "type": "image",
          "assetId": "c6ipqbuG4VVF",
          "checksum": "108da6e1abe43d8ef1e0fff71c8149d0"
        },
        {
          "assetId": "fUERLDF7B6PkVocLHV4JH5",
          "type": "projectCss",
          "checksum": "1d29a8c0c65e267e385ef60ff1e16485"
        }
      ],
      "codegenVersion": "0.0.1"
    }
  ],
  "cliVersion": "0.1.327"
}
